
Microsoft Visual Studio Solution File, Format Version 12.00
# Visual Studio Version 16
VisualStudioVersion = 16.0.31205.134
MinimumVisualStudioVersion = 10.0.40219.1
Project("{FAE04EC0-301F-11D3-BF4B-00C04F79EFBC}") = "PortafolioCT", "Portafo1\PortafolioCT.csproj", "{D39711B3-5BE4-401A-B955-1DAF0186925A}"
EndProject
Global
	GlobalSection(SolutionConfigurationPlatforms) = preSolution
		Debug|Any CPU = Debug|Any CPU
		Release|Any CPU = Release|Any CPU
	EndGlobalSection
	GlobalSection(ProjectConfigurationPlatforms) = postSolution
		{D39711B3-5BE4-401A-B955-1DAF0186925A}.Debug|Any CPU.ActiveCfg = Debug|Any CPU
		{D39711B3-5BE4-401A-B955-1DAF0186925A}.Debug|Any CPU.Build.0 = Debug|Any CPU
		{D39711B3-5BE4-401A-B955-1DAF0186925A}.Release|Any CPU.ActiveCfg = Release|Any CPU
		{D39711B3-5BE4-401A-B955-1DAF0186925A}.Release|Any CPU.Build.0 = Release|Any CPU
	EndGlobalSection
	GlobalSection(SolutionProperties) = preSolution
		HideSolutionNode = FALSE
	EndGlobalSection
	GlobalSection(ExtensibilityGlobals) = postSolution
		SolutionGuid = {EA5EA50A-3021-4BE2-B5D1-64D01707DFB4}
	EndGlobalSection
EndGlobal
